
Microsoft Visual Studio Solution File, Format Version 12.00
# Visual Studio Version 17
VisualStudioVersion = 17.5.002.0
MinimumVisualStudioVersion = 10.0.40219.1
Project("{9A19103F-16F7-4668-BE54-9A1E7A4F7556}") = "AudioExperienceEnhancer", "AudioExperienceEnhancer.csproj", "{4BFA84B9-6E0F-4C6E-BE6D-92262241BBDB}"
EndProject
Global
	GlobalSection(SolutionConfigurationPlatforms) = preSolution
		Debug|Any CPU = Debug|Any CPU
		Release|Any CPU = Release|Any CPU
	EndGlobalSection
	GlobalSection(ProjectConfigurationPlatforms) = postSolution
		{4BFA84B9-6E0F-4C6E-BE6D-92262241BBDB}.Debug|Any CPU.ActiveCfg = Debug|Any CPU
		{4BFA84B9-6E0F-4C6E-BE6D-92262241BBDB}.Debug|Any CPU.Build.0 = Debug|Any CPU
		{4BFA84B9-6E0F-4C6E-BE6D-92262241BBDB}.Release|Any CPU.ActiveCfg = Release|Any CPU
		{4BFA84B9-6E0F-4C6E-BE6D-92262241BBDB}.Release|Any CPU.Build.0 = Release|Any CPU
	EndGlobalSection
	GlobalSection(SolutionProperties) = preSolution
		HideSolutionNode = FALSE
	EndGlobalSection
	GlobalSection(ExtensibilityGlobals) = postSolution
		SolutionGuid = {06D5A454-7852-486B-955E-EE12CC97A2AF}
	EndGlobalSection
EndGlobal
